
Microsoft Visual Studio Solution File, Format Version 12.00
# Visual Studio Version 17
VisualStudioVersion = 17.13.36105.23 d17.13
MinimumVisualStudioVersion = 10.0.40219.1
Project("{FAE04EC0-301F-11D3-BF4B-00C04F79EFBC}") = "selection sort", "selection sort\selection sort.csproj", "{A3D353AD-631B-410B-A0F7-0D2FD3C76A66}"
EndProject
Global
	GlobalSection(SolutionConfigurationPlatforms) = preSolution
		Debug|Any CPU = Debug|Any CPU
		Release|Any CPU = Release|Any CPU
	EndGlobalSection
	GlobalSection(ProjectConfigurationPlatforms) = postSolution
		{A3D353AD-631B-410B-A0F7-0D2FD3C76A66}.Debug|Any CPU.ActiveCfg = Debug|Any CPU
		{A3D353AD-631B-410B-A0F7-0D2FD3C76A66}.Debug|Any CPU.Build.0 = Debug|Any CPU
		{A3D353AD-631B-410B-A0F7-0D2FD3C76A66}.Release|Any CPU.ActiveCfg = Release|Any CPU
		{A3D353AD-631B-410B-A0F7-0D2FD3C76A66}.Release|Any CPU.Build.0 = Release|Any CPU
	EndGlobalSection
	GlobalSection(SolutionProperties) = preSolution
		HideSolutionNode = FALSE
	EndGlobalSection
	GlobalSection(ExtensibilityGlobals) = postSolution
		SolutionGuid = {749F57E5-3CE4-4AB2-A121-E9B09B6B59FE}
	EndGlobalSection
EndGlobal
